
Microsoft Visual Studio Solution File, Format Version 12.00
# Visual Studio Version 16
VisualStudioVersion = 16.0.29230.47
MinimumVisualStudioVersion = 10.0.40219.1
Project("{A07B5EB6-E848-4116-A8D0-A826331D98C6}") = "Application2", "Application2\Application2.sfproj", "{12AC9F7A-260B-46E1-A00A-D7402BE1E61A}"
EndProject
Project("{FAE04EC0-301F-11D3-BF4B-00C04F79EFBC}") = "Stateless1", "Stateless1\Stateless1.csproj", "{1DE474FA-7515-4D3F-8E9F-17C515D1B922}"
EndProject
Global
	GlobalSection(SolutionConfigurationPlatforms) = preSolution
		Debug|Any CPU = Debug|Any CPU
		Debug|x64 = Debug|x64
		Release|Any CPU = Release|Any CPU
		Release|x64 = Release|x64
	EndGlobalSection
	GlobalSection(ProjectConfigurationPlatforms) = postSolution
		{12AC9F7A-260B-46E1-A00A-D7402BE1E61A}.Debug|Any CPU.ActiveCfg = Debug|x64
		{12AC9F7A-260B-46E1-A00A-D7402BE1E61A}.Debug|x64.ActiveCfg = Debug|x64
		{12AC9F7A-260B-46E1-A00A-D7402BE1E61A}.Debug|x64.Build.0 = Debug|x64
		{12AC9F7A-260B-46E1-A00A-D7402BE1E61A}.Debug|x64.Deploy.0 = Debug|x64
		{12AC9F7A-260B-46E1-A00A-D7402BE1E61A}.Release|Any CPU.ActiveCfg = Release|x64
		{12AC9F7A-260B-46E1-A00A-D7402BE1E61A}.Release|x64.ActiveCfg = Release|x64
		{12AC9F7A-260B-46E1-A00A-D7402BE1E61A}.Release|x64.Build.0 = Release|x64
		{12AC9F7A-260B-46E1-A00A-D7402BE1E61A}.Release|x64.Deploy.0 = Release|x64
		{1DE474FA-7515-4D3F-8E9F-17C515D1B922}.Debug|Any CPU.ActiveCfg = Debug|Any CPU
		{1DE474FA-7515-4D3F-8E9F-17C515D1B922}.Debug|Any CPU.Build.0 = Debug|Any CPU
		{1DE474FA-7515-4D3F-8E9F-17C515D1B922}.Debug|x64.ActiveCfg = Debug|Any CPU
		{1DE474FA-7515-4D3F-8E9F-17C515D1B922}.Debug|x64.Build.0 = Debug|Any CPU
		{1DE474FA-7515-4D3F-8E9F-17C515D1B922}.Release|Any CPU.ActiveCfg = Release|Any CPU
		{1DE474FA-7515-4D3F-8E9F-17C515D1B922}.Release|Any CPU.Build.0 = Release|Any CPU
		{1DE474FA-7515-4D3F-8E9F-17C515D1B922}.Release|x64.ActiveCfg = Release|Any CPU
		{1DE474FA-7515-4D3F-8E9F-17C515D1B922}.Release|x64.Build.0 = Release|Any CPU
	EndGlobalSection
	GlobalSection(SolutionProperties) = preSolution
		HideSolutionNode = FALSE
	EndGlobalSection
	GlobalSection(ExtensibilityGlobals) = postSolution
		SolutionGuid = {42823D58-09C1-4D58-9A62-984746EAA05F}
	EndGlobalSection
EndGlobal
